PODS:
  - SkeletonView (1.8.3)
  - TMDBSwift (0.5.1)

DEPENDENCIES:
  - SkeletonView
  - TMDBSwift

SPEC REPOS:
  trunk:
    - SkeletonView
    - TMDBSwift

SPEC CHECKSUMS:
  SkeletonView: ce0c2a2e8154c57b32f5b31b65f4cb92ca119861
  TMDBSwift: 9220f3dcee23372c05b92f8c111f5f4c37185aee

PODFILE CHECKSUM: a6de7c3b03de64ca090e66541fcb8d7d2ae5e066

COCOAPODS: 1.8.4
